
Microsoft Visual Studio Solution File, Format Version 12.00
# Visual Studio Version 16
VisualStudioVersion = 16.0.29411.108
MinimumVisualStudioVersion = 10.0.40219.1
Project("{FAE04EC0-301F-11D3-BF4B-00C04F79EFBC}") = "SensorSensitivity3D", "SensorSensitivity3D\SensorSensitivity3D.csproj", "{ABF22F8A-5418-46A1-9C90-E1E089325D02}"
	ProjectSection(ProjectDependencies) = postProject
		{5EBFD4A6-08E9-4434-A228-5F561BB04081} = {5EBFD4A6-08E9-4434-A228-5F561BB04081}
	EndProjectSection
EndProject
Project("{FAE04EC0-301F-11D3-BF4B-00C04F79EFBC}") = "SensorSensitivity3D.Domain", "SensorSensitivity3D.Domain\SensorSensitivity3D.Domain.csproj", "{5EBFD4A6-08E9-4434-A228-5F561BB04081}"
EndProject
Project("{FAE04EC0-301F-11D3-BF4B-00C04F79EFBC}") = "SensorSensitivity3D.Services", "SensorSensitivity3D.Services\SensorSensitivity3D.Services.csproj", "{E5864F22-BB41-472C-B545-C2DBC23C195C}"
EndProject
Global
	GlobalSection(SolutionConfigurationPlatforms) = preSolution
		Debug|Any CPU = Debug|Any CPU
		Release|Any CPU = Release|Any CPU
	EndGlobalSection
	GlobalSection(ProjectConfigurationPlatforms) = postSolution
		{ABF22F8A-5418-46A1-9C90-E1E089325D02}.Debug|Any CPU.ActiveCfg = Debug|Any CPU
		{ABF22F8A-5418-46A1-9C90-E1E089325D02}.Debug|Any CPU.Build.0 = Debug|Any CPU
		{ABF22F8A-5418-46A1-9C90-E1E089325D02}.Release|Any CPU.ActiveCfg = Release|Any CPU
		{ABF22F8A-5418-46A1-9C90-E1E089325D02}.Release|Any CPU.Build.0 = Release|Any CPU
		{5EBFD4A6-08E9-4434-A228-5F561BB04081}.Debug|Any CPU.ActiveCfg = Debug|Any CPU
		{5EBFD4A6-08E9-4434-A228-5F561BB04081}.Debug|Any CPU.Build.0 = Debug|Any CPU
		{5EBFD4A6-08E9-4434-A228-5F561BB04081}.Release|Any CPU.ActiveCfg = Release|Any CPU
		{5EBFD4A6-08E9-4434-A228-5F561BB04081}.Release|Any CPU.Build.0 = Release|Any CPU
		{E5864F22-BB41-472C-B545-C2DBC23C195C}.Debug|Any CPU.ActiveCfg = Debug|Any CPU
		{E5864F22-BB41-472C-B545-C2DBC23C195C}.Debug|Any CPU.Build.0 = Debug|Any CPU
		{E5864F22-BB41-472C-B545-C2DBC23C195C}.Release|Any CPU.ActiveCfg = Release|Any CPU
		{E5864F22-BB41-472C-B545-C2DBC23C195C}.Release|Any CPU.Build.0 = Release|Any CPU
	EndGlobalSection
	GlobalSection(SolutionProperties) = preSolution
		HideSolutionNode = FALSE
	EndGlobalSection
	GlobalSection(ExtensibilityGlobals) = postSolution
		SolutionGuid = {BDB9A45C-C49C-4FC9-9588-5A11B1A7E10C}
	EndGlobalSection
EndGlobal
